
Microsoft Visual Studio Solution File, Format Version 12.00
# Visual Studio Version 17
VisualStudioVersion = 17.10.35122.118
MinimumVisualStudioVersion = 10.0.40219.1
Project("{FAE04EC0-301F-11D3-BF4B-00C04F79EFBC}") = "ConsoleApp1", "ConsoleApp1.csproj", "{ADA43FB8-644F-45DE-82E8-7D857C83C34B}"
EndProject
Global
	GlobalSection(SolutionConfigurationPlatforms) = preSolution
		Debug|Any CPU = Debug|Any CPU
		Release|Any CPU = Release|Any CPU
	EndGlobalSection
	GlobalSection(ProjectConfigurationPlatforms) = postSolution
		{ADA43FB8-644F-45DE-82E8-7D857C83C34B}.Debug|Any CPU.ActiveCfg = Debug|Any CPU
		{ADA43FB8-644F-45DE-82E8-7D857C83C34B}.Debug|Any CPU.Build.0 = Debug|Any CPU
		{ADA43FB8-644F-45DE-82E8-7D857C83C34B}.Release|Any CPU.ActiveCfg = Release|Any CPU
		{ADA43FB8-644F-45DE-82E8-7D857C83C34B}.Release|Any CPU.Build.0 = Release|Any CPU
	EndGlobalSection
	GlobalSection(SolutionProperties) = preSolution
		HideSolutionNode = FALSE
	EndGlobalSection
	GlobalSection(ExtensibilityGlobals) = postSolution
		SolutionGuid = {FE7B4C9D-7B8C-4E00-A14E-41226714CF04}
	EndGlobalSection
EndGlobal
